
Microsoft Visual Studio Solution File, Format Version 12.00
# Visual Studio Version 17
VisualStudioVersion = 17.0.31903.59
MinimumVisualStudioVersion = 10.0.40219.1
Project("{2150E333-8FDC-42A3-9474-1A3956D46DE8}") = "src", "src", "{827E0CD3-B72D-47B6-A68D-7590B98EB39B}"
EndProject
Project("{FAE04EC0-301F-11D3-BF4B-00C04F79EFBC}") = "Api", "src\Api\Api.csproj", "{28D2E068-66B4-486D-A0F5-E700E41BD3C8}"
EndProject
Project("{FAE04EC0-301F-11D3-BF4B-00C04F79EFBC}") = "Application", "src\Application\Application.csproj", "{103996D0-4059-4164-9702-D4784F0D6532}"
EndProject
Project("{FAE04EC0-301F-11D3-BF4B-00C04F79EFBC}") = "Domain", "src\Domain\Domain.csproj", "{0DB736F2-E390-4E9D-A0B8-85B57117BDD1}"
EndProject
Project("{FAE04EC0-301F-11D3-BF4B-00C04F79EFBC}") = "Infrastructure", "src\Infrastructure\Infrastructure.csproj", "{CB0CE6CF-14C4-4AD0-8BFA-5DAEF2007C8D}"
EndProject
Project("{FAE04EC0-301F-11D3-BF4B-00C04F79EFBC}") = "SharedCore", "src\SharedCore\SharedCore.csproj", "{066CC8B6-0938-4CF7-BD62-D0EDFCDF7F06}"
EndProject
Global
	GlobalSection(SolutionConfigurationPlatforms) = preSolution
		Debug|Any CPU = Debug|Any CPU
		Debug|x64 = Debug|x64
		Debug|x86 = Debug|x86
		Release|Any CPU = Release|Any CPU
		Release|x64 = Release|x64
		Release|x86 = Release|x86
	EndGlobalSection
	GlobalSection(ProjectConfigurationPlatforms) = postSolution
		{28D2E068-66B4-486D-A0F5-E700E41BD3C8}.Debug|Any CPU.ActiveCfg = Debug|Any CPU
		{28D2E068-66B4-486D-A0F5-E700E41BD3C8}.Debug|Any CPU.Build.0 = Debug|Any CPU
		{28D2E068-66B4-486D-A0F5-E700E41BD3C8}.Debug|x64.ActiveCfg = Debug|Any CPU
		{28D2E068-66B4-486D-A0F5-E700E41BD3C8}.Debug|x64.Build.0 = Debug|Any CPU
		{28D2E068-66B4-486D-A0F5-E700E41BD3C8}.Debug|x86.ActiveCfg = Debug|Any CPU
		{28D2E068-66B4-486D-A0F5-E700E41BD3C8}.Debug|x86.Build.0 = Debug|Any CPU
		{28D2E068-66B4-486D-A0F5-E700E41BD3C8}.Release|Any CPU.ActiveCfg = Release|Any CPU
		{28D2E068-66B4-486D-A0F5-E700E41BD3C8}.Release|Any CPU.Build.0 = Release|Any CPU
		{28D2E068-66B4-486D-A0F5-E700E41BD3C8}.Release|x64.ActiveCfg = Release|Any CPU
		{28D2E068-66B4-486D-A0F5-E700E41BD3C8}.Release|x64.Build.0 = Release|Any CPU
		{28D2E068-66B4-486D-A0F5-E700E41BD3C8}.Release|x86.ActiveCfg = Release|Any CPU
		{28D2E068-66B4-486D-A0F5-E700E41BD3C8}.Release|x86.Build.0 = Release|Any CPU
		{103996D0-4059-4164-9702-D4784F0D6532}.Debug|Any CPU.ActiveCfg = Debug|Any CPU
		{103996D0-4059-4164-9702-D4784F0D6532}.Debug|Any CPU.Build.0 = Debug|Any CPU
		{103996D0-4059-4164-9702-D4784F0D6532}.Debug|x64.ActiveCfg = Debug|Any CPU
		{103996D0-4059-4164-9702-D4784F0D6532}.Debug|x64.Build.0 = Debug|Any CPU
		{103996D0-4059-4164-9702-D4784F0D6532}.Debug|x86.ActiveCfg = Debug|Any CPU
		{103996D0-4059-4164-9702-D4784F0D6532}.Debug|x86.Build.0 = Debug|Any CPU
		{103996D0-4059-4164-9702-D4784F0D6532}.Release|Any CPU.ActiveCfg = Release|Any CPU
		{103996D0-4059-4164-9702-D4784F0D6532}.Release|Any CPU.Build.0 = Release|Any CPU
		{103996D0-4059-4164-9702-D4784F0D6532}.Release|x64.ActiveCfg = Release|Any CPU
		{103996D0-4059-4164-9702-D4784F0D6532}.Release|x64.Build.0 = Release|Any CPU
		{103996D0-4059-4164-9702-D4784F0D6532}.Release|x86.ActiveCfg = Release|Any CPU
		{103996D0-4059-4164-9702-D4784F0D6532}.Release|x86.Build.0 = Release|Any CPU
		{0DB736F2-E390-4E9D-A0B8-85B57117BDD1}.Debug|Any CPU.ActiveCfg = Debug|Any CPU
		{0DB736F2-E390-4E9D-A0B8-85B57117BDD1}.Debug|Any CPU.Build.0 = Debug|Any CPU
		{0DB736F2-E390-4E9D-A0B8-85B57117BDD1}.Debug|x64.ActiveCfg = Debug|Any CPU
		{0DB736F2-E390-4E9D-A0B8-85B57117BDD1}.Debug|x64.Build.0 = Debug|Any CPU
		{0DB736F2-E390-4E9D-A0B8-85B57117BDD1}.Debug|x86.ActiveCfg = Debug|Any CPU
		{0DB736F2-E390-4E9D-A0B8-85B57117BDD1}.Debug|x86.Build.0 = Debug|Any CPU
		{0DB736F2-E390-4E9D-A0B8-85B57117BDD1}.Release|Any CPU.ActiveCfg = Release|Any CPU
		{0DB736F2-E390-4E9D-A0B8-85B57117BDD1}.Release|Any CPU.Build.0 = Release|Any CPU
		{0DB736F2-E390-4E9D-A0B8-85B57117BDD1}.Release|x64.ActiveCfg = Release|Any CPU
		{0DB736F2-E390-4E9D-A0B8-85B57117BDD1}.Release|x64.Build.0 = Release|Any CPU
		{0DB736F2-E390-4E9D-A0B8-85B57117BDD1}.Release|x86.ActiveCfg = Release|Any CPU
		{0DB736F2-E390-4E9D-A0B8-85B57117BDD1}.Release|x86.Build.0 = Release|Any CPU
		{CB0CE6CF-14C4-4AD0-8BFA-5DAEF2007C8D}.Debug|Any CPU.ActiveCfg = Debug|Any CPU
		{CB0CE6CF-14C4-4AD0-8BFA-5DAEF2007C8D}.Debug|Any CPU.Build.0 = Debug|Any CPU
		{CB0CE6CF-14C4-4AD0-8BFA-5DAEF2007C8D}.Debug|x64.ActiveCfg = Debug|Any CPU
		{CB0CE6CF-14C4-4AD0-8BFA-5DAEF2007C8D}.Debug|x64.Build.0 = Debug|Any CPU
		{CB0CE6CF-14C4-4AD0-8BFA-5DAEF2007C8D}.Debug|x86.ActiveCfg = Debug|Any CPU
		{CB0CE6CF-14C4-4AD0-8BFA-5DAEF2007C8D}.Debug|x86.Build.0 = Debug|Any CPU
		{CB0CE6CF-14C4-4AD0-8BFA-5DAEF2007C8D}.Release|Any CPU.ActiveCfg = Release|Any CPU
		{CB0CE6CF-14C4-4AD0-8BFA-5DAEF2007C8D}.Release|Any CPU.Build.0 = Release|Any CPU
		{CB0CE6CF-14C4-4AD0-8BFA-5DAEF2007C8D}.Release|x64.ActiveCfg = Release|Any CPU
		{CB0CE6CF-14C4-4AD0-8BFA-5DAEF2007C8D}.Release|x64.Build.0 = Release|Any CPU
		{CB0CE6CF-14C4-4AD0-8BFA-5DAEF2007C8D}.Release|x86.ActiveCfg = Release|Any CPU
		{CB0CE6CF-14C4-4AD0-8BFA-5DAEF2007C8D}.Release|x86.Build.0 = Release|Any CPU
		{066CC8B6-0938-4CF7-BD62-D0EDFCDF7F06}.Debug|Any CPU.ActiveCfg = Debug|Any CPU
		{066CC8B6-0938-4CF7-BD62-D0EDFCDF7F06}.Debug|Any CPU.Build.0 = Debug|Any CPU
		{066CC8B6-0938-4CF7-BD62-D0EDFCDF7F06}.Debug|x64.ActiveCfg = Debug|Any CPU
		{066CC8B6-0938-4CF7-BD62-D0EDFCDF7F06}.Debug|x64.Build.0 = Debug|Any CPU
		{066CC8B6-0938-4CF7-BD62-D0EDFCDF7F06}.Debug|x86.ActiveCfg = Debug|Any CPU
		{066CC8B6-0938-4CF7-BD62-D0EDFCDF7F06}.Debug|x86.Build.0 = Debug|Any CPU
		{066CC8B6-0938-4CF7-BD62-D0EDFCDF7F06}.Release|Any CPU.ActiveCfg = Release|Any CPU
		{066CC8B6-0938-4CF7-BD62-D0EDFCDF7F06}.Release|Any CPU.Build.0 = Release|Any CPU
		{066CC8B6-0938-4CF7-BD62-D0EDFCDF7F06}.Release|x64.ActiveCfg = Release|Any CPU
		{066CC8B6-0938-4CF7-BD62-D0EDFCDF7F06}.Release|x64.Build.0 = Release|Any CPU
		{066CC8B6-0938-4CF7-BD62-D0EDFCDF7F06}.Release|x86.ActiveCfg = Release|Any CPU
		{066CC8B6-0938-4CF7-BD62-D0EDFCDF7F06}.Release|x86.Build.0 = Release|Any CPU
	EndGlobalSection
	GlobalSection(SolutionProperties) = preSolution
		HideSolutionNode = FALSE
	EndGlobalSection
	GlobalSection(NestedProjects) = preSolution
		{28D2E068-66B4-486D-A0F5-E700E41BD3C8} = {827E0CD3-B72D-47B6-A68D-7590B98EB39B}
		{103996D0-4059-4164-9702-D4784F0D6532} = {827E0CD3-B72D-47B6-A68D-7590B98EB39B}
		{0DB736F2-E390-4E9D-A0B8-85B57117BDD1} = {827E0CD3-B72D-47B6-A68D-7590B98EB39B}
		{CB0CE6CF-14C4-4AD0-8BFA-5DAEF2007C8D} = {827E0CD3-B72D-47B6-A68D-7590B98EB39B}
		{066CC8B6-0938-4CF7-BD62-D0EDFCDF7F06} = {827E0CD3-B72D-47B6-A68D-7590B98EB39B}
	EndGlobalSection
EndGlobal
